
Microsoft Visual Studio Solution File, Format Version 12.00
Project("{FAE04EC0-301F-11D3-BF4B-00C04F79EFBC}") = "Web.Api", "Web.Api\Web.Api.csproj", "{0F33DC64-BA97-4821-8EF4-D4E05BB6DC17}"
EndProject
Project("{FAE04EC0-301F-11D3-BF4B-00C04F79EFBC}") = "Data", "Data\Data.csproj", "{37BCC479-D6C7-4227-B901-9AFDE4DE60C0}"
EndProject
Global
	GlobalSection(SolutionConfigurationPlatforms) = preSolution
		Debug|Any CPU = Debug|Any CPU
		Release|Any CPU = Release|Any CPU
	EndGlobalSection
	GlobalSection(ProjectConfigurationPlatforms) = postSolution
		{0F33DC64-BA97-4821-8EF4-D4E05BB6DC17}.Debug|Any CPU.ActiveCfg = Debug|Any CPU
		{0F33DC64-BA97-4821-8EF4-D4E05BB6DC17}.Debug|Any CPU.Build.0 = Debug|Any CPU
		{0F33DC64-BA97-4821-8EF4-D4E05BB6DC17}.Release|Any CPU.ActiveCfg = Release|Any CPU
		{0F33DC64-BA97-4821-8EF4-D4E05BB6DC17}.Release|Any CPU.Build.0 = Release|Any CPU
		{37BCC479-D6C7-4227-B901-9AFDE4DE60C0}.Debug|Any CPU.ActiveCfg = Debug|Any CPU
		{37BCC479-D6C7-4227-B901-9AFDE4DE60C0}.Debug|Any CPU.Build.0 = Debug|Any CPU
		{37BCC479-D6C7-4227-B901-9AFDE4DE60C0}.Release|Any CPU.ActiveCfg = Release|Any CPU
		{37BCC479-D6C7-4227-B901-9AFDE4DE60C0}.Release|Any CPU.Build.0 = Release|Any CPU
	EndGlobalSection
EndGlobal
